
Microsoft Visual Studio Solution File, Format Version 12.00
# Visual Studio 15
VisualStudioVersion = 15.0.27428.2002
MinimumVisualStudioVersion = 10.0.40219.1
Project("{151D2E53-A2C4-4D7D-83FE-D05416EBD58E}") = "AzureContainerRegistry", "AzureContainerRegistry\AzureContainerRegistry.deployproj", "{026CED21-293D-48B9-B35A-857448FEDF42}"
EndProject
Global
	GlobalSection(SolutionConfigurationPlatforms) = preSolution
		Debug|Any CPU = Debug|Any CPU
		Release|Any CPU = Release|Any CPU
	EndGlobalSection
	GlobalSection(ProjectConfigurationPlatforms) = postSolution
		{026CED21-293D-48B9-B35A-857448FEDF42}.Debug|Any CPU.ActiveCfg = Debug|Any CPU
		{026CED21-293D-48B9-B35A-857448FEDF42}.Debug|Any CPU.Build.0 = Debug|Any CPU
		{026CED21-293D-48B9-B35A-857448FEDF42}.Release|Any CPU.ActiveCfg = Release|Any CPU
		{026CED21-293D-48B9-B35A-857448FEDF42}.Release|Any CPU.Build.0 = Release|Any CPU
	EndGlobalSection
	GlobalSection(SolutionProperties) = preSolution
		HideSolutionNode = FALSE
	EndGlobalSection
	GlobalSection(ExtensibilityGlobals) = postSolution
		SolutionGuid = {EB6AF191-22A4-424A-B5FA-041A8F19A83D}
	EndGlobalSection
EndGlobal
